
Microsoft Visual Studio Solution File, Format Version 12.00
# Visual Studio Version 17
VisualStudioVersion = 17.14.36429.23 d17.14
MinimumVisualStudioVersion = 10.0.40219.1
Project("{FAE04EC0-301F-11D3-BF4B-00C04F79EFBC}") = "2025-09-26tgbot", "2025-09-26tgbot.csproj", "{BBF9E4C2-69CB-4A00-BC8A-285A174E729F}"
EndProject
Global
	GlobalSection(SolutionConfigurationPlatforms) = preSolution
		Debug|Any CPU = Debug|Any CPU
		Release|Any CPU = Release|Any CPU
	EndGlobalSection
	GlobalSection(ProjectConfigurationPlatforms) = postSolution
		{BBF9E4C2-69CB-4A00-BC8A-285A174E729F}.Debug|Any CPU.ActiveCfg = Debug|Any CPU
		{BBF9E4C2-69CB-4A00-BC8A-285A174E729F}.Debug|Any CPU.Build.0 = Debug|Any CPU
		{BBF9E4C2-69CB-4A00-BC8A-285A174E729F}.Release|Any CPU.ActiveCfg = Release|Any CPU
		{BBF9E4C2-69CB-4A00-BC8A-285A174E729F}.Release|Any CPU.Build.0 = Release|Any CPU
	EndGlobalSection
	GlobalSection(SolutionProperties) = preSolution
		HideSolutionNode = FALSE
	EndGlobalSection
	GlobalSection(ExtensibilityGlobals) = postSolution
		SolutionGuid = {3869EA22-F923-4354-8150-9F0F2333656C}
	EndGlobalSection
EndGlobal
