
Microsoft Visual Studio Solution File, Format Version 12.00
# Visual Studio Version 17
VisualStudioVersion = 17.14.36429.23 d17.14
MinimumVisualStudioVersion = 10.0.40219.1
Project("{FAE04EC0-301F-11D3-BF4B-00C04F79EFBC}") = "generics_app_3", "generics_app_3.csproj", "{81DABA7E-92CE-4591-814E-D96CCC4CF052}"
EndProject
Global
	GlobalSection(SolutionConfigurationPlatforms) = preSolution
		Debug|Any CPU = Debug|Any CPU
		Release|Any CPU = Release|Any CPU
	EndGlobalSection
	GlobalSection(ProjectConfigurationPlatforms) = postSolution
		{81DABA7E-92CE-4591-814E-D96CCC4CF052}.Debug|Any CPU.ActiveCfg = Debug|Any CPU
		{81DABA7E-92CE-4591-814E-D96CCC4CF052}.Debug|Any CPU.Build.0 = Debug|Any CPU
		{81DABA7E-92CE-4591-814E-D96CCC4CF052}.Release|Any CPU.ActiveCfg = Release|Any CPU
		{81DABA7E-92CE-4591-814E-D96CCC4CF052}.Release|Any CPU.Build.0 = Release|Any CPU
	EndGlobalSection
	GlobalSection(SolutionProperties) = preSolution
		HideSolutionNode = FALSE
	EndGlobalSection
	GlobalSection(ExtensibilityGlobals) = postSolution
		SolutionGuid = {4DD4CE35-CB57-4796-AF63-8DC3E44139A9}
	EndGlobalSection
EndGlobal
